
Microsoft Visual Studio Solution File, Format Version 12.00
# Visual Studio Version 17
VisualStudioVersion = 17.8.34316.72
MinimumVisualStudioVersion = 10.0.40219.1
Project("{FAE04EC0-301F-11D3-BF4B-00C04F79EFBC}") = "Szyfr", "Szyfr\Szyfr.csproj", "{EBE43207-7625-4E8B-AD8A-CAEFCE659771}"
EndProject
Global
	GlobalSection(SolutionConfigurationPlatforms) = preSolution
		Debug|Any CPU = Debug|Any CPU
		Release|Any CPU = Release|Any CPU
	EndGlobalSection
	GlobalSection(ProjectConfigurationPlatforms) = postSolution
		{EBE43207-7625-4E8B-AD8A-CAEFCE659771}.Debug|Any CPU.ActiveCfg = Debug|Any CPU
		{EBE43207-7625-4E8B-AD8A-CAEFCE659771}.Debug|Any CPU.Build.0 = Debug|Any CPU
		{EBE43207-7625-4E8B-AD8A-CAEFCE659771}.Release|Any CPU.ActiveCfg = Release|Any CPU
		{EBE43207-7625-4E8B-AD8A-CAEFCE659771}.Release|Any CPU.Build.0 = Release|Any CPU
	EndGlobalSection
	GlobalSection(SolutionProperties) = preSolution
		HideSolutionNode = FALSE
	EndGlobalSection
	GlobalSection(ExtensibilityGlobals) = postSolution
		SolutionGuid = {3C89D29F-3CC6-4DCA-BBBA-6D5F868952DC}
	EndGlobalSection
EndGlobal
